{
  "version": 4,
  "terraform_version": "1.10.5",
  "serial": 3,
  "lineage": "66285da9-4246-599e-0b22-de32d9845688",
  "outputs": {},
  "resources": [
    {
      "mode": "managed",
      "type": "aws_iam_user",
      "name": "cloudinstitute",
      "provider": "provider[\"registry.terraform.io/hashicorp/aws\"]",
      "instances": [
        {
          "schema_version": 0,
          "attributes": {
            "arn": "arn:aws:iam::824591074609:user/cloudinstitute",
            "force_destroy": false,
            "id": "cloudinstitute",
            "name": "cloudinstitute",
            "path": "/",
            "permissions_boundary": "",
            "tags": null,
            "tags_all": {},
            "unique_id": "AIDA377LVIUYQD7OJ7VGR"
          },
          "sensitive_attributes": [],
          "private": "bnVsbA=="
        }
      ]
    },
    {
      "mode": "managed",
      "type": "aws_iam_user_policy",
      "name": "cloudinstitute_policy",
      "provider": "provider[\"registry.terraform.io/hashicorp/aws\"]",
      "instances": [
        {
          "schema_version": 0,
          "attributes": {
            "id": "cloudinstitute:cloudinstitute_policy",
            "name": "cloudinstitute_policy",
            "name_prefix": "",
            "policy": "{\"Version\":\"2012-10-17\",\"Statement\":[{\"Action\":[\"s3:ListBucket\",\"s3:GetObject\"],\"Effect\":\"Allow\",\"Resource\":\"*\"}]}",
            "user": "cloudinstitute"
          },
          "sensitive_attributes": [],
          "private": "bnVsbA==",
          "dependencies": [
            "aws_iam_user.cloudinstitute"
          ]
        }
      ]
    }
  ],
  "check_results": null
}
